
Microsoft Visual Studio Solution File, Format Version 12.00
# Visual Studio 15
VisualStudioVersion = 15.0.25807.0
MinimumVisualStudioVersion = 10.0.40219.1
Project("{2150E333-8FDC-42A3-9474-1A3956D46DE8}") = "Engine", "Engine", "{1FF5FB43-6722-4812-90BF-6B66D62794CB}"
EndProject
Project("{2150E333-8FDC-42A3-9474-1A3956D46DE8}") = "Enterprise", "Enterprise", "{DB48920D-EFBF-45C9-85CC-2DF8A58E284C}"
EndProject
Project("{2150E333-8FDC-42A3-9474-1A3956D46DE8}") = "Games", "Games", "{06702EBE-D8A5-4E1D-878D-0EC5DAEE0738}"
EndProject
Project("{8BC9CEB8-8B4A-11D0-8D11-00A0C91BC942}") = "UE4", "Intermediate\ProjectFiles\UE4.vcxproj", "{E7D4AFCD-B0ED-447F-8BEC-A385D802A9B1}"
EndProject
Project("{8BC9CEB8-8B4A-11D0-8D11-00A0C91BC942}") = "Studio", "Intermediate\ProjectFiles\Studio.vcxproj", "{414E7FB9-0791-4A6A-BCDA-F5E2BC80D3AF}"
EndProject
Project("{8BC9CEB8-8B4A-11D0-8D11-00A0C91BC942}") = "MyRealsensePlugin", "Intermediate\ProjectFiles\MyRealsensePlugin.vcxproj", "{2C69AAC2-3F89-4B26-BEF5-306D42D0BB91}"
EndProject
Global
	GlobalSection(SolutionConfigurationPlatforms) = preSolution
		DebugGame Editor|Win32 = DebugGame Editor|Win32
		DebugGame Editor|Win64 = DebugGame Editor|Win64
		DebugGame|Win32 = DebugGame|Win32
		DebugGame|Win64 = DebugGame|Win64
		Development Editor|Win32 = Development Editor|Win32
		Development Editor|Win64 = Development Editor|Win64
		Development|Win32 = Development|Win32
		Development|Win64 = Development|Win64
		Shipping|Win32 = Shipping|Win32
		Shipping|Win64 = Shipping|Win64
	EndGlobalSection
	GlobalSection(ProjectConfigurationPlatforms) = postSolution
		{E7D4AFCD-B0ED-447F-8BEC-A385D802A9B1}.DebugGame Editor|Win32.ActiveCfg = BuiltWithUnrealBuildTool|Win32
		{E7D4AFCD-B0ED-447F-8BEC-A385D802A9B1}.DebugGame Editor|Win32.Build.0 = BuiltWithUnrealBuildTool|Win32
		{E7D4AFCD-B0ED-447F-8BEC-A385D802A9B1}.DebugGame Editor|Win64.ActiveCfg = BuiltWithUnrealBuildTool|Win32
		{E7D4AFCD-B0ED-447F-8BEC-A385D802A9B1}.DebugGame Editor|Win64.Build.0 = BuiltWithUnrealBuildTool|Win32
		{E7D4AFCD-B0ED-447F-8BEC-A385D802A9B1}.DebugGame|Win32.ActiveCfg = BuiltWithUnrealBuildTool|Win32
		{E7D4AFCD-B0ED-447F-8BEC-A385D802A9B1}.DebugGame|Win32.Build.0 = BuiltWithUnrealBuildTool|Win32
		{E7D4AFCD-B0ED-447F-8BEC-A385D802A9B1}.DebugGame|Win64.ActiveCfg = BuiltWithUnrealBuildTool|Win32
		{E7D4AFCD-B0ED-447F-8BEC-A385D802A9B1}.DebugGame|Win64.Build.0 = BuiltWithUnrealBuildTool|Win32
		{E7D4AFCD-B0ED-447F-8BEC-A385D802A9B1}.Development Editor|Win32.ActiveCfg = BuiltWithUnrealBuildTool|Win32
		{E7D4AFCD-B0ED-447F-8BEC-A385D802A9B1}.Development Editor|Win32.Build.0 = BuiltWithUnrealBuildTool|Win32
		{E7D4AFCD-B0ED-447F-8BEC-A385D802A9B1}.Development Editor|Win64.ActiveCfg = BuiltWithUnrealBuildTool|Win32
		{E7D4AFCD-B0ED-447F-8BEC-A385D802A9B1}.Development Editor|Win64.Build.0 = BuiltWithUnrealBuildTool|Win32
		{E7D4AFCD-B0ED-447F-8BEC-A385D802A9B1}.Development|Win32.ActiveCfg = BuiltWithUnrealBuildTool|Win32
		{E7D4AFCD-B0ED-447F-8BEC-A385D802A9B1}.Development|Win32.Build.0 = BuiltWithUnrealBuildTool|Win32
		{E7D4AFCD-B0ED-447F-8BEC-A385D802A9B1}.Development|Win64.ActiveCfg = BuiltWithUnrealBuildTool|Win32
		{E7D4AFCD-B0ED-447F-8BEC-A385D802A9B1}.Development|Win64.Build.0 = BuiltWithUnrealBuildTool|Win32
		{E7D4AFCD-B0ED-447F-8BEC-A385D802A9B1}.Shipping|Win32.ActiveCfg = BuiltWithUnrealBuildTool|Win32
		{E7D4AFCD-B0ED-447F-8BEC-A385D802A9B1}.Shipping|Win32.Build.0 = BuiltWithUnrealBuildTool|Win32
		{E7D4AFCD-B0ED-447F-8BEC-A385D802A9B1}.Shipping|Win64.ActiveCfg = BuiltWithUnrealBuildTool|Win32
		{E7D4AFCD-B0ED-447F-8BEC-A385D802A9B1}.Shipping|Win64.Build.0 = BuiltWithUnrealBuildTool|Win32
		{414E7FB9-0791-4A6A-BCDA-F5E2BC80D3AF}.DebugGame Editor|Win32.ActiveCfg = BuiltWithUnrealBuildTool|Win32
		{414E7FB9-0791-4A6A-BCDA-F5E2BC80D3AF}.DebugGame Editor|Win32.Build.0 = BuiltWithUnrealBuildTool|Win32
		{414E7FB9-0791-4A6A-BCDA-F5E2BC80D3AF}.DebugGame Editor|Win64.ActiveCfg = BuiltWithUnrealBuildTool|Win32
		{414E7FB9-0791-4A6A-BCDA-F5E2BC80D3AF}.DebugGame Editor|Win64.Build.0 = BuiltWithUnrealBuildTool|Win32
		{414E7FB9-0791-4A6A-BCDA-F5E2BC80D3AF}.DebugGame|Win32.ActiveCfg = BuiltWithUnrealBuildTool|Win32
		{414E7FB9-0791-4A6A-BCDA-F5E2BC80D3AF}.DebugGame|Win32.Build.0 = BuiltWithUnrealBuildTool|Win32
		{414E7FB9-0791-4A6A-BCDA-F5E2BC80D3AF}.DebugGame|Win64.ActiveCfg = BuiltWithUnrealBuildTool|Win32
		{414E7FB9-0791-4A6A-BCDA-F5E2BC80D3AF}.DebugGame|Win64.Build.0 = BuiltWithUnrealBuildTool|Win32
		{414E7FB9-0791-4A6A-BCDA-F5E2BC80D3AF}.Development Editor|Win32.ActiveCfg = BuiltWithUnrealBuildTool|Win32
		{414E7FB9-0791-4A6A-BCDA-F5E2BC80D3AF}.Development Editor|Win32.Build.0 = BuiltWithUnrealBuildTool|Win32
		{414E7FB9-0791-4A6A-BCDA-F5E2BC80D3AF}.Development Editor|Win64.ActiveCfg = BuiltWithUnrealBuildTool|Win32
		{414E7FB9-0791-4A6A-BCDA-F5E2BC80D3AF}.Development Editor|Win64.Build.0 = BuiltWithUnrealBuildTool|Win32
		{414E7FB9-0791-4A6A-BCDA-F5E2BC80D3AF}.Development|Win32.ActiveCfg = BuiltWithUnrealBuildTool|Win32
		{414E7FB9-0791-4A6A-BCDA-F5E2BC80D3AF}.Development|Win32.Build.0 = BuiltWithUnrealBuildTool|Win32
		{414E7FB9-0791-4A6A-BCDA-F5E2BC80D3AF}.Development|Win64.ActiveCfg = BuiltWithUnrealBuildTool|Win32
		{414E7FB9-0791-4A6A-BCDA-F5E2BC80D3AF}.Development|Win64.Build.0 = BuiltWithUnrealBuildTool|Win32
		{414E7FB9-0791-4A6A-BCDA-F5E2BC80D3AF}.Shipping|Win32.ActiveCfg = BuiltWithUnrealBuildTool|Win32
		{414E7FB9-0791-4A6A-BCDA-F5E2BC80D3AF}.Shipping|Win32.Build.0 = BuiltWithUnrealBuildTool|Win32
		{414E7FB9-0791-4A6A-BCDA-F5E2BC80D3AF}.Shipping|Win64.ActiveCfg = BuiltWithUnrealBuildTool|Win32
		{414E7FB9-0791-4A6A-BCDA-F5E2BC80D3AF}.Shipping|Win64.Build.0 = BuiltWithUnrealBuildTool|Win32
		{2C69AAC2-3F89-4B26-BEF5-306D42D0BB91}.DebugGame Editor|Win32.ActiveCfg = DebugGame_Editor|Win32
		{2C69AAC2-3F89-4B26-BEF5-306D42D0BB91}.DebugGame Editor|Win64.ActiveCfg = DebugGame_Editor|x64
		{2C69AAC2-3F89-4B26-BEF5-306D42D0BB91}.DebugGame Editor|Win64.Build.0 = DebugGame_Editor|x64
		{2C69AAC2-3F89-4B26-BEF5-306D42D0BB91}.DebugGame|Win32.ActiveCfg = DebugGame_Game|Win32
		{2C69AAC2-3F89-4B26-BEF5-306D42D0BB91}.DebugGame|Win32.Build.0 = DebugGame_Game|Win32
		{2C69AAC2-3F89-4B26-BEF5-306D42D0BB91}.DebugGame|Win64.ActiveCfg = DebugGame_Game|x64
		{2C69AAC2-3F89-4B26-BEF5-306D42D0BB91}.DebugGame|Win64.Build.0 = DebugGame_Game|x64
		{2C69AAC2-3F89-4B26-BEF5-306D42D0BB91}.Development Editor|Win32.ActiveCfg = Development_Editor|Win32
		{2C69AAC2-3F89-4B26-BEF5-306D42D0BB91}.Development Editor|Win64.ActiveCfg = Development_Editor|x64
		{2C69AAC2-3F89-4B26-BEF5-306D42D0BB91}.Development Editor|Win64.Build.0 = Development_Editor|x64
		{2C69AAC2-3F89-4B26-BEF5-306D42D0BB91}.Development|Win32.ActiveCfg = Development_Game|Win32
		{2C69AAC2-3F89-4B26-BEF5-306D42D0BB91}.Development|Win32.Build.0 = Development_Game|Win32
		{2C69AAC2-3F89-4B26-BEF5-306D42D0BB91}.Development|Win64.ActiveCfg = Development_Game|x64
		{2C69AAC2-3F89-4B26-BEF5-306D42D0BB91}.Development|Win64.Build.0 = Development_Game|x64
		{2C69AAC2-3F89-4B26-BEF5-306D42D0BB91}.Shipping|Win32.ActiveCfg = Shipping_Game|Win32
		{2C69AAC2-3F89-4B26-BEF5-306D42D0BB91}.Shipping|Win32.Build.0 = Shipping_Game|Win32
		{2C69AAC2-3F89-4B26-BEF5-306D42D0BB91}.Shipping|Win64.ActiveCfg = Shipping_Game|x64
		{2C69AAC2-3F89-4B26-BEF5-306D42D0BB91}.Shipping|Win64.Build.0 = Shipping_Game|x64
	EndGlobalSection
	GlobalSection(SolutionProperties) = preSolution
		HideSolutionNode = FALSE
	EndGlobalSection
	GlobalSection(NestedProjects) = preSolution
		{E7D4AFCD-B0ED-447F-8BEC-A385D802A9B1} = {1FF5FB43-6722-4812-90BF-6B66D62794CB}
		{414E7FB9-0791-4A6A-BCDA-F5E2BC80D3AF} = {DB48920D-EFBF-45C9-85CC-2DF8A58E284C}
		{2C69AAC2-3F89-4B26-BEF5-306D42D0BB91} = {06702EBE-D8A5-4E1D-878D-0EC5DAEE0738}
	EndGlobalSection
	GlobalSection(ExtensibilityGlobals) = postSolution
		SolutionGuid = {30ECC957-0DE8-4775-A124-BC1434879526}
	EndGlobalSection
EndGlobal
